
Microsoft Visual Studio Solution File, Format Version 12.00
# Visual Studio 15
VisualStudioVersion = 15.0.34112.143
MinimumVisualStudioVersion = 10.0.40219.1
Project("{8BC9CEB8-8B4A-11D0-8D11-00A0C91BC942}") = "day1", "day1\day1.vcxproj", "{39B4B8E1-879D-4314-B5CA-4307744587A8}"
EndProject
Global
	GlobalSection(SolutionConfigurationPlatforms) = preSolution
		Debug|x64 = Debug|x64
		Debug|x86 = Debug|x86
		Release|x64 = Release|x64
		Release|x86 = Release|x86
	EndGlobalSection
	GlobalSection(ProjectConfigurationPlatforms) = postSolution
		{39B4B8E1-879D-4314-B5CA-4307744587A8}.Debug|x64.ActiveCfg = Debug|x64
		{39B4B8E1-879D-4314-B5CA-4307744587A8}.Debug|x64.Build.0 = Debug|x64
		{39B4B8E1-879D-4314-B5CA-4307744587A8}.Debug|x86.ActiveCfg = Debug|Win32
		{39B4B8E1-879D-4314-B5CA-4307744587A8}.Debug|x86.Build.0 = Debug|Win32
		{39B4B8E1-879D-4314-B5CA-4307744587A8}.Release|x64.ActiveCfg = Release|x64
		{39B4B8E1-879D-4314-B5CA-4307744587A8}.Release|x64.Build.0 = Release|x64
		{39B4B8E1-879D-4314-B5CA-4307744587A8}.Release|x86.ActiveCfg = Release|Win32
		{39B4B8E1-879D-4314-B5CA-4307744587A8}.Release|x86.Build.0 = Release|Win32
	EndGlobalSection
	GlobalSection(SolutionProperties) = preSolution
		HideSolutionNode = FALSE
	EndGlobalSection
	GlobalSection(ExtensibilityGlobals) = postSolution
		SolutionGuid = {2FDA7FE4-6D1F-47A9-990C-6F07A1AC0EF4}
	EndGlobalSection
EndGlobal
